
Microsoft Visual Studio Solution File, Format Version 12.00
# Visual Studio Version 17
VisualStudioVersion = 17.0.31903.59
MinimumVisualStudioVersion = 10.0.40219.1
Project("{2150E333-8FDC-42A3-9474-1A3956D46DE8}") = "src", "src", "{827E0CD3-B72D-47B6-A68D-7590B98EB39B}"
EndProject
Project("{FAE04EC0-301F-11D3-BF4B-00C04F79EFBC}") = "TokenBar.Core", "src\TokenBar.Core\TokenBar.Core.csproj", "{7B505DD5-CAA9-4DB9-9359-F6FD5AAB6EEA}"
EndProject
Project("{2150E333-8FDC-42A3-9474-1A3956D46DE8}") = "tests", "tests", "{0AB3BF05-4346-4AA6-1389-037BE0695223}"
EndProject
Project("{FAE04EC0-301F-11D3-BF4B-00C04F79EFBC}") = "TokenBar.Core.Tests", "tests\TokenBar.Core.Tests\TokenBar.Core.Tests.csproj", "{4312686C-A78B-47F7-A07C-A52EE2967BD5}"
EndProject
Project("{FAE04EC0-301F-11D3-BF4B-00C04F79EFBC}") = "TokenBar.Cli", "src\TokenBar.Cli\TokenBar.Cli.csproj", "{D8EFCD7B-258D-47C3-80C0-E4CB7FFFC830}"
EndProject
Project("{FAE04EC0-301F-11D3-BF4B-00C04F79EFBC}") = "TokenBar.App", "src\TokenBar.App\TokenBar.App.csproj", "{1653887D-3F09-46CF-8593-5D13332CFAEF}"
EndProject
Global
	GlobalSection(SolutionConfigurationPlatforms) = preSolution
		Debug|Any CPU = Debug|Any CPU
		Debug|x64 = Debug|x64
		Debug|x86 = Debug|x86
		Release|Any CPU = Release|Any CPU
		Release|x64 = Release|x64
		Release|x86 = Release|x86
	EndGlobalSection
	GlobalSection(ProjectConfigurationPlatforms) = postSolution
		{7B505DD5-CAA9-4DB9-9359-F6FD5AAB6EEA}.Debug|Any CPU.ActiveCfg = Debug|Any CPU
		{7B505DD5-CAA9-4DB9-9359-F6FD5AAB6EEA}.Debug|Any CPU.Build.0 = Debug|Any CPU
		{7B505DD5-CAA9-4DB9-9359-F6FD5AAB6EEA}.Debug|x64.ActiveCfg = Debug|Any CPU
		{7B505DD5-CAA9-4DB9-9359-F6FD5AAB6EEA}.Debug|x64.Build.0 = Debug|Any CPU
		{7B505DD5-CAA9-4DB9-9359-F6FD5AAB6EEA}.Debug|x86.ActiveCfg = Debug|Any CPU
		{7B505DD5-CAA9-4DB9-9359-F6FD5AAB6EEA}.Debug|x86.Build.0 = Debug|Any CPU
		{7B505DD5-CAA9-4DB9-9359-F6FD5AAB6EEA}.Release|Any CPU.ActiveCfg = Release|Any CPU
		{7B505DD5-CAA9-4DB9-9359-F6FD5AAB6EEA}.Release|Any CPU.Build.0 = Release|Any CPU
		{7B505DD5-CAA9-4DB9-9359-F6FD5AAB6EEA}.Release|x64.ActiveCfg = Release|Any CPU
		{7B505DD5-CAA9-4DB9-9359-F6FD5AAB6EEA}.Release|x64.Build.0 = Release|Any CPU
		{7B505DD5-CAA9-4DB9-9359-F6FD5AAB6EEA}.Release|x86.ActiveCfg = Release|Any CPU
		{7B505DD5-CAA9-4DB9-9359-F6FD5AAB6EEA}.Release|x86.Build.0 = Release|Any CPU
		{4312686C-A78B-47F7-A07C-A52EE2967BD5}.Debug|Any CPU.ActiveCfg = Debug|Any CPU
		{4312686C-A78B-47F7-A07C-A52EE2967BD5}.Debug|Any CPU.Build.0 = Debug|Any CPU
		{4312686C-A78B-47F7-A07C-A52EE2967BD5}.Debug|x64.ActiveCfg = Debug|Any CPU
		{4312686C-A78B-47F7-A07C-A52EE2967BD5}.Debug|x64.Build.0 = Debug|Any CPU
		{4312686C-A78B-47F7-A07C-A52EE2967BD5}.Debug|x86.ActiveCfg = Debug|Any CPU
		{4312686C-A78B-47F7-A07C-A52EE2967BD5}.Debug|x86.Build.0 = Debug|Any CPU
		{4312686C-A78B-47F7-A07C-A52EE2967BD5}.Release|Any CPU.ActiveCfg = Release|Any CPU
		{4312686C-A78B-47F7-A07C-A52EE2967BD5}.Release|Any CPU.Build.0 = Release|Any CPU
		{4312686C-A78B-47F7-A07C-A52EE2967BD5}.Release|x64.ActiveCfg = Release|Any CPU
		{4312686C-A78B-47F7-A07C-A52EE2967BD5}.Release|x64.Build.0 = Release|Any CPU
		{4312686C-A78B-47F7-A07C-A52EE2967BD5}.Release|x86.ActiveCfg = Release|Any CPU
		{4312686C-A78B-47F7-A07C-A52EE2967BD5}.Release|x86.Build.0 = Release|Any CPU
		{D8EFCD7B-258D-47C3-80C0-E4CB7FFFC830}.Debug|Any CPU.ActiveCfg = Debug|Any CPU
		{D8EFCD7B-258D-47C3-80C0-E4CB7FFFC830}.Debug|Any CPU.Build.0 = Debug|Any CPU
		{D8EFCD7B-258D-47C3-80C0-E4CB7FFFC830}.Debug|x64.ActiveCfg = Debug|Any CPU
		{D8EFCD7B-258D-47C3-80C0-E4CB7FFFC830}.Debug|x64.Build.0 = Debug|Any CPU
		{D8EFCD7B-258D-47C3-80C0-E4CB7FFFC830}.Debug|x86.ActiveCfg = Debug|Any CPU
		{D8EFCD7B-258D-47C3-80C0-E4CB7FFFC830}.Debug|x86.Build.0 = Debug|Any CPU
		{D8EFCD7B-258D-47C3-80C0-E4CB7FFFC830}.Release|Any CPU.ActiveCfg = Release|Any CPU
		{D8EFCD7B-258D-47C3-80C0-E4CB7FFFC830}.Release|Any CPU.Build.0 = Release|Any CPU
		{D8EFCD7B-258D-47C3-80C0-E4CB7FFFC830}.Release|x64.ActiveCfg = Release|Any CPU
		{D8EFCD7B-258D-47C3-80C0-E4CB7FFFC830}.Release|x64.Build.0 = Release|Any CPU
		{D8EFCD7B-258D-47C3-80C0-E4CB7FFFC830}.Release|x86.ActiveCfg = Release|Any CPU
		{D8EFCD7B-258D-47C3-80C0-E4CB7FFFC830}.Release|x86.Build.0 = Release|Any CPU
		{1653887D-3F09-46CF-8593-5D13332CFAEF}.Debug|Any CPU.ActiveCfg = Debug|Any CPU
		{1653887D-3F09-46CF-8593-5D13332CFAEF}.Debug|Any CPU.Build.0 = Debug|Any CPU
		{1653887D-3F09-46CF-8593-5D13332CFAEF}.Debug|x64.ActiveCfg = Debug|Any CPU
		{1653887D-3F09-46CF-8593-5D13332CFAEF}.Debug|x64.Build.0 = Debug|Any CPU
		{1653887D-3F09-46CF-8593-5D13332CFAEF}.Debug|x86.ActiveCfg = Debug|Any CPU
		{1653887D-3F09-46CF-8593-5D13332CFAEF}.Debug|x86.Build.0 = Debug|Any CPU
		{1653887D-3F09-46CF-8593-5D13332CFAEF}.Release|Any CPU.ActiveCfg = Release|Any CPU
		{1653887D-3F09-46CF-8593-5D13332CFAEF}.Release|Any CPU.Build.0 = Release|Any CPU
		{1653887D-3F09-46CF-8593-5D13332CFAEF}.Release|x64.ActiveCfg = Release|Any CPU
		{1653887D-3F09-46CF-8593-5D13332CFAEF}.Release|x64.Build.0 = Release|Any CPU
		{1653887D-3F09-46CF-8593-5D13332CFAEF}.Release|x86.ActiveCfg = Release|Any CPU
		{1653887D-3F09-46CF-8593-5D13332CFAEF}.Release|x86.Build.0 = Release|Any CPU
	EndGlobalSection
	GlobalSection(SolutionProperties) = preSolution
		HideSolutionNode = FALSE
	EndGlobalSection
	GlobalSection(NestedProjects) = preSolution
		{7B505DD5-CAA9-4DB9-9359-F6FD5AAB6EEA} = {827E0CD3-B72D-47B6-A68D-7590B98EB39B}
		{4312686C-A78B-47F7-A07C-A52EE2967BD5} = {0AB3BF05-4346-4AA6-1389-037BE0695223}
		{D8EFCD7B-258D-47C3-80C0-E4CB7FFFC830} = {827E0CD3-B72D-47B6-A68D-7590B98EB39B}
		{1653887D-3F09-46CF-8593-5D13332CFAEF} = {827E0CD3-B72D-47B6-A68D-7590B98EB39B}
	EndGlobalSection
EndGlobal
